
Microsoft Visual Studio Solution File, Format Version 12.00
# Visual Studio 15
VisualStudioVersion = 15.0.28307.1169
MinimumVisualStudioVersion = 10.0.40219.1
Project("{FAE04EC0-301F-11D3-BF4B-00C04F79EFBC}") = "TcpTimeServer", "TcpTimeServer\TcpTimeServer.csproj", "{57212BAE-40A6-4C00-A254-ED7C5EDCCA40}"
EndProject
Global
	GlobalSection(SolutionConfigurationPlatforms) = preSolution
		Debug|Any CPU = Debug|Any CPU
		Release|Any CPU = Release|Any CPU
	EndGlobalSection
	GlobalSection(ProjectConfigurationPlatforms) = postSolution
		{57212BAE-40A6-4C00-A254-ED7C5EDCCA40}.Debug|Any CPU.ActiveCfg = Debug|Any CPU
		{57212BAE-40A6-4C00-A254-ED7C5EDCCA40}.Debug|Any CPU.Build.0 = Debug|Any CPU
		{57212BAE-40A6-4C00-A254-ED7C5EDCCA40}.Release|Any CPU.ActiveCfg = Release|Any CPU
		{57212BAE-40A6-4C00-A254-ED7C5EDCCA40}.Release|Any CPU.Build.0 = Release|Any CPU
	EndGlobalSection
	GlobalSection(SolutionProperties) = preSolution
		HideSolutionNode = FALSE
	EndGlobalSection
	GlobalSection(ExtensibilityGlobals) = postSolution
		SolutionGuid = {D161FD17-737F-48A4-ADED-309C3DB55002}
	EndGlobalSection
EndGlobal
